{
    "_meta": {
        "hash": {
            "sha256": "3708c8d57a32aaa6ca0d1da1a4f6d8e7974d8393ba0ac5d8d34c6ba715301cb4"
        },
        "pipfile-spec": 6,
        "requires": {},
        "sources": [
            {
                "name": "pypi",
                "url": "https://pypi.org/simple",
                "verify_ssl": true
            }
        ]
    },
    "default": {
        "automata": {
            "git": "https://github.com/automata-tech/eva_python_sdk.git",
            "ref": "8070c43c4491ca5437dbd288f300e874e1b386b1"
        }
    },
    "develop": {}
}
